
Microsoft Visual Studio Solution File, Format Version 12.00
# Visual Studio Version 16
VisualStudioVersion = 16.0.29613.14
MinimumVisualStudioVersion = 10.0.40219.1
Project("{159641D6-6404-4A2A-AE62-294DE0FE8301}") = "Emil Gugała zadanie 3 Integracja Systemów", "Emil Gugała zadanie 3 Integracja Systemów.dtproj", "{4125B8F2-160B-44C5-93DC-1CE82142B7C7}"
EndProject
Global
	GlobalSection(SolutionConfigurationPlatforms) = preSolution
		Development|Default = Development|Default
	EndGlobalSection
	GlobalSection(ProjectConfigurationPlatforms) = postSolution
		{4125B8F2-160B-44C5-93DC-1CE82142B7C7}.Development|Default.ActiveCfg = Development
		{4125B8F2-160B-44C5-93DC-1CE82142B7C7}.Development|Default.Build.0 = Development
	EndGlobalSection
	GlobalSection(SolutionProperties) = preSolution
		HideSolutionNode = FALSE
	EndGlobalSection
	GlobalSection(ExtensibilityGlobals) = postSolution
		SolutionGuid = {AAE9F12A-C2F6-4A18-8090-0E7FA80660BA}
	EndGlobalSection
EndGlobal
